
Microsoft Visual Studio Solution File, Format Version 12.00
# Visual Studio 15
VisualStudioVersion = 15.0.28307.329
MinimumVisualStudioVersion = 10.0.40219.1
Project("{FAE04EC0-301F-11D3-BF4B-00C04F79EFBC}") = "PiottiTech.ApiFrontEnd", "PiottiTech.ApiFrontEnd\PiottiTech.ApiFrontEnd.csproj", "{F3DC15E3-FEA8-4D08-A58C-E6945EBEBEA7}"
EndProject
Global
	GlobalSection(SolutionConfigurationPlatforms) = preSolution
		Debug|Any CPU = Debug|Any CPU
		Release|Any CPU = Release|Any CPU
	EndGlobalSection
	GlobalSection(ProjectConfigurationPlatforms) = postSolution
		{F3DC15E3-FEA8-4D08-A58C-E6945EBEBEA7}.Debug|Any CPU.ActiveCfg = Debug|Any CPU
		{F3DC15E3-FEA8-4D08-A58C-E6945EBEBEA7}.Debug|Any CPU.Build.0 = Debug|Any CPU
		{F3DC15E3-FEA8-4D08-A58C-E6945EBEBEA7}.Release|Any CPU.ActiveCfg = Release|Any CPU
		{F3DC15E3-FEA8-4D08-A58C-E6945EBEBEA7}.Release|Any CPU.Build.0 = Release|Any CPU
	EndGlobalSection
	GlobalSection(SolutionProperties) = preSolution
		HideSolutionNode = FALSE
	EndGlobalSection
	GlobalSection(ExtensibilityGlobals) = postSolution
		SolutionGuid = {3B5AB8BC-5435-4E6A-A70A-9EF63A7E9B29}
	EndGlobalSection
EndGlobal
